// !$*UTF8*$!
{
	archiveVersion = 1;
	classes = {
	};
	objectVersion = 50;
	objects = {

/* Begin PBXBuildFile section */
		84D0C3712808E8AD0041EF95 /* AppDelegate.m in Sources */ = {isa = PBXBuildFile; fileRef = 84D0C3702808E8AD0041EF95 /* AppDelegate.m */; };
		84D0C3742808E8AD0041EF95 /* SceneDelegate.m in Sources */ = {isa = PBXBuildFile; fileRef = 84D0C3732808E8AD0041EF95 /* SceneDelegate.m */; };
		84D0C3772808E8AD0041EF95 /* ViewController.m in Sources */ = {isa = PBXBuildFile; fileRef = 84D0C3762808E8AD0041EF95 /* ViewController.m */; };
		84D0C37A2808E8AD0041EF95 /* Main.storyboard in Resources */ = {isa = PBXBuildFile; fileRef = 84D0C3782808E8AD0041EF95 /* Main.storyboard */; };
		84D0C37C2808E8B00041EF95 /* Assets.xcassets in Resources */ = {isa = PBXBuildFile; fileRef = 84D0C37B2808E8B00041EF95 /* Assets.xcassets */; };
		84D0C37F2808E8B00041EF95 /* LaunchScreen.storyboard in Resources */ = {isa = PBXBuildFile; fileRef = 84D0C37D2808E8B00041EF95 /* LaunchScreen.storyboard */; };
		84D0C3822808E8B00041EF95 /* main.m in Sources */ = {isa = PBXBuildFile; fileRef = 84D0C3812808E8B00041EF95 /* main.m */; };
		84D0C38D2809D64E0041EF95 /* HelloGCD.m in Sources */ = {isa = PBXBuildFile; fileRef = 84D0C38C2809D64E0041EF95 /* HelloGCD.m */; };
/* End PBXBuildFile section */

/* Begin PBXFileReference section */
		84D0C36C2808E8AD0041EF95 /* gcd-demo-kirin.app */ = {isa = PBXFileReference; explicitFileType = wrapper.application; includeInIndex = 0; path = "gcd-demo-kirin.app"; sourceTree = BUILT_PRODUCTS_DIR; };
		84D0C36F2808E8AD0041EF95 /* AppDelegate.h */ = {isa = PBXFileReference; lastKnownFileType = sourcecode.c.h; path = AppDelegate.h; sourceTree = "<group>"; };
		84D0C3702808E8AD0041EF95 /* AppDelegate.m */ = {isa = PBXFileReference; lastKnownFileType = sourcecode.c.objc; path = AppDelegate.m; sourceTree = "<group>"; };
		84D0C3722808E8AD0041EF95 /* SceneDelegate.h */ = {isa = PBXFileReference; lastKnownFileType = sourcecode.c.h; path = SceneDelegate.h; sourceTree = "<group>"; };
		84D0C3732808E8AD0041EF95 /* SceneDelegate.m */ = {isa = PBXFileReference; lastKnownFileType = sourcecode.c.objc; path = SceneDelegate.m; sourceTree = "<group>"; };
		84D0C3752808E8AD0041EF95 /* ViewController.h */ = {isa = PBXFileReference; lastKnownFileType = sourcecode.c.h; path = ViewController.h; sourceTree = "<group>"; };
		84D0C3762808E8AD0041EF95 /* ViewController.m */ = {isa = PBXFileReference; lastKnownFileType = sourcecode.c.objc; path = ViewController.m; sourceTree = "<group>"; };
		84D0C3792808E8AD0041EF95 /* Base */ = {isa = PBXFileReference; lastKnownFileType = file.storyboard; name = Base; path = Base.lproj/Main.storyboard; sourceTree = "<group>"; };
		84D0C37B2808E8B00041EF95 /* Assets.xcassets */ = {isa = PBXFileReference; lastKnownFileType = folder.assetcatalog; path = Assets.xcassets; sourceTree = "<group>"; };
		84D0C37E2808E8B00041EF95 /* Base */ = {isa = PBXFileReference; lastKnownFileType = file.storyboard; name = Base; path = Base.lproj/LaunchScreen.storyboard; sourceTree = "<group>"; };
		84D0C3802808E8B00041EF95 /* Info.plist */ = {isa = PBXFileReference; lastKnownFileType = text.plist.xml; path = Info.plist; sourceTree = "<group>"; };
		84D0C3812808E8B00041EF95 /* main.m */ = {isa = PBXFileReference; lastKnownFileType = sourcecode.c.objc; path = main.m; sourceTree = "<group>"; };
		84D0C38B2809D64E0041EF95 /* HelloGCD.h */ = {isa = PBXFileReference; lastKnownFileType = sourcecode.c.h; path = HelloGCD.h; sourceTree = "<group>"; };
		84D0C38C2809D64E0041EF95 /* HelloGCD.m */ = {isa = PBXFileReference; lastKnownFileType = sourcecode.c.objc; path = HelloGCD.m; sourceTree = "<group>"; };
/* End PBXFileReference section */

/* Begin PBXFrameworksBuildPhase section */
		84D0C3692808E8AD0041EF95 /* Frameworks */ = {
			isa = PBXFrameworksBuildPhase;
			buildActionMask = 2147483647;
			files = (
			);
			runOnlyForDeploymentPostprocessing = 0;
		};
/* End PBXFrameworksBuildPhase section */

/* Begin PBXGroup section */
		84D0C3632808E8AD0041EF95 = {
			isa = PBXGroup;
			children = (
				84D0C36E2808E8AD0041EF95 /* gcd-demo-kirin */,
				84D0C36D2808E8AD0041EF95 /* Products */,
			);
			sourceTree = "<group>";
		};
		84D0C36D2808E8AD0041EF95 /* Products */ = {
			isa = PBXGroup;
			children = (
				84D0C36C2808E8AD0041EF95 /* gcd-demo-kirin.app */,
			);
			name = Products;
			sourceTree = "<group>";
		};
		84D0C36E2808E8AD0041EF95 /* gcd-demo-kirin */ = {
			isa = PBXGroup;
			children = (
				84D0C38A2809D6180041EF95 /* GCDDemoInstance */,
				84D0C36F2808E8AD0041EF95 /* AppDelegate.h */,
				84D0C3702808E8AD0041EF95 /* AppDelegate.m */,
				84D0C3722808E8AD0041EF95 /* SceneDelegate.h */,
				84D0C3732808E8AD0041EF95 /* SceneDelegate.m */,
				84D0C3752808E8AD0041EF95 /* ViewController.h */,
				84D0C3762808E8AD0041EF95 /* ViewController.m */,
				84D0C3782808E8AD0041EF95 /* Main.storyboard */,
				84D0C37B2808E8B00041EF95 /* Assets.xcassets */,
				84D0C37D2808E8B00041EF95 /* LaunchScreen.storyboard */,
				84D0C3802808E8B00041EF95 /* Info.plist */,
				84D0C3812808E8B00041EF95 /* main.m */,
			);
			path = "gcd-demo-kirin";
			sourceTree = "<group>";
		};
		84D0C38A2809D6180041EF95 /* GCDDemoInstance */ = {
			isa = PBXGroup;
			children = (
				84D0C38B2809D64E0041EF95 /* HelloGCD.h */,
				84D0C38C2809D64E0041EF95 /* HelloGCD.m */,
			);
			path = GCDDemoInstance;
			sourceTree = "<group>";
		};
/* End PBXGroup section */

/* Begin PBXNativeTarget section */
		84D0C36B2808E8AD0041EF95 /* gcd-demo-kirin */ = {
			isa = PBXNativeTarget;
			buildConfigurationList = 84D0C3852808E8B00041EF95 /* Build configuration list for PBXNativeTarget "gcd-demo-kirin" */;
			buildPhases = (
				84D0C3682808E8AD0041EF95 /* Sources */,
				84D0C3692808E8AD0041EF95 /* Frameworks */,
				84D0C36A2808E8AD0041EF95 /* Resources */,
			);
			buildRules = (
			);
			dependencies = (
			);
			name = "gcd-demo-kirin";
			productName = "gcd-demo-kirin";
			productReference = 84D0C36C2808E8AD0041EF95 /* gcd-demo-kirin.app */;
			productType = "com.apple.product-type.application";
		};
/* End PBXNativeTarget section */

/* Begin PBXProject section */
		84D0C3642808E8AD0041EF95 /* Project object */ = {
			isa = PBXProject;
			attributes = {
				LastUpgradeCheck = 1250;
				TargetAttributes = {
					84D0C36B2808E8AD0041EF95 = {
						CreatedOnToolsVersion = 12.5.1;
					};
				};
			};
			buildConfigurationList = 84D0C3672808E8AD0041EF95 /* Build configuration list for PBXProject "gcd-demo-kirin" */;
			compatibilityVersion = "Xcode 9.3";
			developmentRegion = en;
			hasScannedForEncodings = 0;
			knownRegions = (
				en,
				Base,
			);
			mainGroup = 84D0C3632808E8AD0041EF95;
			productRefGroup = 84D0C36D2808E8AD0041EF95 /* Products */;
			projectDirPath = "";
			projectRoot = "";
			targets = (
				84D0C36B2808E8AD0041EF95 /* gcd-demo-kirin */,
			);
		};
/* End PBXProject section */

/* Begin PBXResourcesBuildPhase section */
		84D0C36A2808E8AD0041EF95 /* Resources */ = {
			isa = PBXResourcesBuildPhase;
			buildActionMask = 2147483647;
			files = (
				84D0C37F2808E8B00041EF95 /* LaunchScreen.storyboard in Resources */,
				84D0C37C2808E8B00041EF95 /* Assets.xcassets in Resources */,
				84D0C37A2808E8AD0041EF95 /* Main.storyboard in Resources */,
			);
			runOnlyForDeploymentPostprocessing = 0;
		};
/* End PBXResourcesBuildPhase section */

/* Begin PBXSourcesBuildPhase section */
		84D0C3682808E8AD0041EF95 /* Sources */ = {
			isa = PBXSourcesBuildPhase;
			buildActionMask = 2147483647;
			files = (
				84D0C38D2809D64E0041EF95 /* HelloGCD.m in Sources */,
				84D0C3772808E8AD0041EF95 /* ViewController.m in Sources */,
				84D0C3712808E8AD0041EF95 /* AppDelegate.m in Sources */,
				84D0C3822808E8B00041EF95 /* main.m in Sources */,
				84D0C3742808E8AD0041EF95 /* SceneDelegate.m in Sources */,
			);
			runOnlyForDeploymentPostprocessing = 0;
		};
/* End PBXSourcesBuildPhase section */

/* Begin PBXVariantGroup section */
		84D0C3782808E8AD0041EF95 /* Main.storyboard */ = {
			isa = PBXVariantGroup;
			children = (
				84D0C3792808E8AD0041EF95 /* Base */,
			);
			name = Main.storyboard;
			sourceTree = "<group>";
		};
		84D0C37D2808E8B00041EF95 /* LaunchScreen.storyboard */ = {
			isa = PBXVariantGroup;
			children = (
				84D0C37E2808E8B00041EF95 /* Base */,
			);
			name = LaunchScreen.storyboard;
			sourceTree = "<group>";
		};
/* End PBXVariantGroup section */

/* Begin XCBuildConfiguration section */
		84D0C3832808E8B00041EF95 /* Debug */ = {
			isa = XCBuildConfiguration;
			buildSettings = {
				ALWAYS_SEARCH_USER_PATHS = NO;
				CLANG_ANALYZER_NONNULL = YES;
				CLANG_ANALYZER_NUMBER_OBJECT_CONVERSION = YES_AGGRESSIVE;
				CLANG_CXX_LANGUAGE_STANDARD = "gnu++14";
				CLANG_CXX_LIBRARY = "libc++";
				CLANG_ENABLE_MODULES = YES;
				CLANG_ENABLE_OBJC_ARC = YES;
				CLANG_ENABLE_OBJC_WEAK = YES;
				CLANG_WARN_BLOCK_CAPTURE_AUTORELEASING = YES;
				CLANG_WARN_BOOL_CONVERSION = YES;
				CLANG_WARN_COMMA = YES;
				CLANG_WARN_CONSTANT_CONVERSION = YES;
				CLANG_WARN_DEPRECATED_OBJC_IMPLEMENTATIONS = YES;
				CLANG_WARN_DIRECT_OBJC_ISA_USAGE = YES_ERROR;
				CLANG_WARN_DOCUMENTATION_COMMENTS = YES;
				CLANG_WARN_EMPTY_BODY = YES;
				CLANG_WARN_ENUM_CONVERSION = YES;
				CLANG_WARN_INFINITE_RECURSION = YES;
				CLANG_WARN_INT_CONVERSION = YES;
				CLANG_WARN_NON_LITERAL_NULL_CONVERSION = YES;
				CLANG_WARN_OBJC_IMPLICIT_RETAIN_SELF = YES;
				CLANG_WARN_OBJC_LITERAL_CONVERSION = YES;
				CLANG_WARN_OBJC_ROOT_CLASS = YES_ERROR;
				CLANG_WARN_QUOTED_INCLUDE_IN_FRAMEWORK_HEADER = YES;
				CLANG_WARN_RANGE_LOOP_ANALYSIS = YES;
				CLANG_WARN_STRICT_PROTOTYPES = YES;
				CLANG_WARN_SUSPICIOUS_MOVE = YES;
				CLANG_WARN_UNGUARDED_AVAILABILITY = YES_AGGRESSIVE;
				CLANG_WARN_UNREACHABLE_CODE = YES;
				CLANG_WARN__DUPLICATE_METHOD_MATCH = YES;
				COPY_PHASE_STRIP = NO;
				DEBUG_INFORMATION_FORMAT = dwarf;
				ENABLE_STRICT_OBJC_MSGSEND = YES;
				ENABLE_TESTABILITY = YES;
				GCC_C_LANGUAGE_STANDARD = gnu11;
				GCC_DYNAMIC_NO_PIC = NO;
				GCC_NO_COMMON_BLOCKS = YES;
				GCC_OPTIMIZATION_LEVEL = 0;
				GCC_PREPROCESSOR_DEFINITIONS = (
					"DEBUG=1",
					"$(inherited)",
				);
				GCC_WARN_64_TO_32_BIT_CONVERSION = YES;
				GCC_WARN_ABOUT_RETURN_TYPE = YES_ERROR;
				GCC_WARN_UNDECLARED_SELECTOR = YES;
				GCC_WARN_UNINITIALIZED_AUTOS = YES_AGGRESSIVE;
				GCC_WARN_UNUSED_FUNCTION = YES;
				GCC_WARN_UNUSED_VARIABLE = YES;
				IPHONEOS_DEPLOYMENT_TARGET = 14.5;
				MTL_ENABLE_DEBUG_INFO = INCLUDE_SOURCE;
				MTL_FAST_MATH = YES;
				ONLY_ACTIVE_ARCH = YES;
				SDKROOT = iphoneos;
			};
			name = Debug;
		};
		84D0C3842808E8B00041EF95 /* Release */ = {
			isa = XCBuildConfiguration;
			buildSettings = {
				ALWAYS_SEARCH_USER_PATHS = NO;
				CLANG_ANALYZER_NONNULL = YES;
				CLANG_ANALYZER_NUMBER_OBJECT_CONVERSION = YES_AGGRESSIVE;
				CLANG_CXX_LANGUAGE_STANDARD = "gnu++14";
				CLANG_CXX_LIBRARY = "libc++";
				CLANG_ENABLE_MODULES = YES;
				CLANG_ENABLE_OBJC_ARC = YES;
				CLANG_ENABLE_OBJC_WEAK = YES;
				CLANG_WARN_BLOCK_CAPTURE_AUTORELEASING = YES;
				CLANG_WARN_BOOL_CONVERSION = YES;
				CLANG_WARN_COMMA = YES;
				CLANG_WARN_CONSTANT_CONVERSION = YES;
				CLANG_WARN_DEPRECATED_OBJC_IMPLEMENTATIONS = YES;
				CLANG_WARN_DIRECT_OBJC_ISA_USAGE = YES_ERROR;
				CLANG_WARN_DOCUMENTATION_COMMENTS = YES;
				CLANG_WARN_EMPTY_BODY = YES;
				CLANG_WARN_ENUM_CONVERSION = YES;
				CLANG_WARN_INFINITE_RECURSION = YES;
				CLANG_WARN_INT_CONVERSION = YES;
				CLANG_WARN_NON_LITERAL_NULL_CONVERSION = YES;
				CLANG_WARN_OBJC_IMPLICIT_RETAIN_SELF = YES;
				CLANG_WARN_OBJC_LITERAL_CONVERSION = YES;
				CLANG_WARN_OBJC_ROOT_CLASS = YES_ERROR;
				CLANG_WARN_QUOTED_INCLUDE_IN_FRAMEWORK_HEADER = YES;
				CLANG_WARN_RANGE_LOOP_ANALYSIS = YES;
				CLANG_WARN_STRICT_PROTOTYPES = YES;
				CLANG_WARN_SUSPICIOUS_MOVE = YES;
				CLANG_WARN_UNGUARDED_AVAILABILITY = YES_AGGRESSIVE;
				CLANG_WARN_UNREACHABLE_CODE = YES;
				CLANG_WARN__DUPLICATE_METHOD_MATCH = YES;
				COPY_PHASE_STRIP = NO;
				DEBUG_INFORMATION_FORMAT = "dwarf-with-dsym";
				ENABLE_NS_ASSERTIONS = NO;
				ENABLE_STRICT_OBJC_MSGSEND = YES;
				GCC_C_LANGUAGE_STANDARD = gnu11;
				GCC_NO_COMMON_BLOCKS = YES;
				GCC_WARN_64_TO_32_BIT_CONVERSION = YES;
				GCC_WARN_ABOUT_RETURN_TYPE = YES_ERROR;
				GCC_WARN_UNDECLARED_SELECTOR = YES;
				GCC_WARN_UNINITIALIZED_AUTOS = YES_AGGRESSIVE;
				GCC_WARN_UNUSED_FUNCTION = YES;
				GCC_WARN_UNUSED_VARIABLE = YES;
				IPHONEOS_DEPLOYMENT_TARGET = 14.5;
				MTL_ENABLE_DEBUG_INFO = NO;
				MTL_FAST_MATH = YES;
				SDKROOT = iphoneos;
				VALIDATE_PRODUCT = YES;
			};
			name = Release;
		};
		84D0C3862808E8B00041EF95 /* Debug */ = {
			isa = XCBuildConfiguration;
			buildSettings = {
				ASSETCATALOG_COMPILER_APPICON_NAME = AppIcon;
				ASSETCATALOG_COMPILER_GLOBAL_ACCENT_COLOR_NAME = AccentColor;
				CODE_SIGN_STYLE = Automatic;
				INFOPLIST_FILE = "gcd-demo-kirin/Info.plist";
				LD_RUNPATH_SEARCH_PATHS = (
					"$(inherited)",
					"@executable_path/Frameworks",
				);
				PRODUCT_BUNDLE_IDENTIFIER = "kirin.hisilicon.gcd-demo-kirin";
				PRODUCT_NAME = "$(TARGET_NAME)";
				TARGETED_DEVICE_FAMILY = "1,2";
			};
			name = Debug;
		};
		84D0C3872808E8B00041EF95 /* Release */ = {
			isa = XCBuildConfiguration;
			buildSettings = {
				ASSETCATALOG_COMPILER_APPICON_NAME = AppIcon;
				ASSETCATALOG_COMPILER_GLOBAL_ACCENT_COLOR_NAME = AccentColor;
				CODE_SIGN_STYLE = Automatic;
				INFOPLIST_FILE = "gcd-demo-kirin/Info.plist";
				LD_RUNPATH_SEARCH_PATHS = (
					"$(inherited)",
					"@executable_path/Frameworks",
				);
				PRODUCT_BUNDLE_IDENTIFIER = "kirin.hisilicon.gcd-demo-kirin";
				PRODUCT_NAME = "$(TARGET_NAME)";
				TARGETED_DEVICE_FAMILY = "1,2";
			};
			name = Release;
		};
/* End XCBuildConfiguration section */

/* Begin XCConfigurationList section */
		84D0C3672808E8AD0041EF95 /* Build configuration list for PBXProject "gcd-demo-kirin" */ = {
			isa = XCConfigurationList;
			buildConfigurations = (
				84D0C3832808E8B00041EF95 /* Debug */,
				84D0C3842808E8B00041EF95 /* Release */,
			);
			defaultConfigurationIsVisible = 0;
			defaultConfigurationName = Release;
		};
		84D0C3852808E8B00041EF95 /* Build configuration list for PBXNativeTarget "gcd-demo-kirin" */ = {
			isa = XCConfigurationList;
			buildConfigurations = (
				84D0C3862808E8B00041EF95 /* Debug */,
				84D0C3872808E8B00041EF95 /* Release */,
			);
			defaultConfigurationIsVisible = 0;
			defaultConfigurationName = Release;
		};
/* End XCConfigurationList section */
	};
	rootObject = 84D0C3642808E8AD0041EF95 /* Project object */;
}
